
Microsoft Visual Studio Solution File, Format Version 11.00
# Visual Studio 2010
Project("{FAE04EC0-301F-11D3-BF4B-00C04F79EFBC}") = "2d-array-vs-1d-nested", "2d-array-vs-1d-nested\2d-array-vs-1d-nested.csproj", "{AE33F97B-D9C0-485E-9AB2-C712AF888EE4}"
EndProject
Global
	GlobalSection(SolutionConfigurationPlatforms) = preSolution
		Debug|x86 = Debug|x86
		Release|x86 = Release|x86
	EndGlobalSection
	GlobalSection(ProjectConfigurationPlatforms) = postSolution
		{AE33F97B-D9C0-485E-9AB2-C712AF888EE4}.Debug|x86.ActiveCfg = Debug|x86
		{AE33F97B-D9C0-485E-9AB2-C712AF888EE4}.Debug|x86.Build.0 = Debug|x86
		{AE33F97B-D9C0-485E-9AB2-C712AF888EE4}.Release|x86.ActiveCfg = Release|x86
		{AE33F97B-D9C0-485E-9AB2-C712AF888EE4}.Release|x86.Build.0 = Release|x86
	EndGlobalSection
	GlobalSection(MonoDevelopProperties) = preSolution
		StartupItem = 2d-array-vs-1d-nested\2d-array-vs-1d-nested.csproj
	EndGlobalSection
EndGlobal
