
Microsoft Visual Studio Solution File, Format Version 11.00
# Visual Studio 2010
Project("{FAE04EC0-301F-11D3-BF4B-00C04F79EFBC}") = "05-03-2013-lastfm-sn-data-manipulation", "05-03-2013-lastfm-sn-data-manipulation\05-03-2013-lastfm-sn-data-manipulation.csproj", "{43568CA2-976E-4065-9488-3ABA5600C2B4}"
EndProject
Global
	GlobalSection(SolutionConfigurationPlatforms) = preSolution
		Debug|x86 = Debug|x86
		Release|x86 = Release|x86
	EndGlobalSection
	GlobalSection(ProjectConfigurationPlatforms) = postSolution
		{43568CA2-976E-4065-9488-3ABA5600C2B4}.Debug|x86.ActiveCfg = Debug|x86
		{43568CA2-976E-4065-9488-3ABA5600C2B4}.Debug|x86.Build.0 = Debug|x86
		{43568CA2-976E-4065-9488-3ABA5600C2B4}.Release|x86.ActiveCfg = Release|x86
		{43568CA2-976E-4065-9488-3ABA5600C2B4}.Release|x86.Build.0 = Release|x86
	EndGlobalSection
	GlobalSection(MonoDevelopProperties) = preSolution
		StartupItem = 05-03-2013-lastfm-sn-data-manipulation\05-03-2013-lastfm-sn-data-manipulation.csproj
	EndGlobalSection
EndGlobal
